{
  "name": "iphone-renaming-tool",
  "version": "1.0.0",
  "lockfileVersion": 3,
  "requires": true,
  "packages": {
    "": {
      "name": "iphone-renaming-tool",
      "version": "1.0.0",
      "license": "ISC",
      "dependencies": {
        "exif": "^0.6.0",
        "exiftool-vendored": "^24.1.0"
      }
    },
    "node_modules/@photostructure/tz-lookup": {
      "version": "8.0.0",
      "resolved": "https://registry.npmjs.org/@photostructure/tz-lookup/-/tz-lookup-8.0.0.tgz",
      "integrity": "sha512-D5ggPEWSNGEKzKTx6+Gn0NZXHQ4ywgRd2p2h7i/tjEmkv/uJ9SzQd0o7v7FzEAt4bP3dxDoWm43aPfUs9qMOGg=="
    },
    "node_modules/@types/luxon": {
      "version": "3.3.7",
      "resolved": "https://registry.npmjs.org/@types/luxon/-/luxon-3.3.7.tgz",
      "integrity": "sha512-gKc9P2d4g5uYwmy4s/MO/yOVPmvHyvzka1YH6i5dM03UrFofHSmgc0D0ymbDRStFWHusk6cwwF6nhLm/ckBbbQ=="
    },
    "node_modules/batch-cluster": {
      "version": "12.1.0",
      "resolved": "https://registry.npmjs.org/batch-cluster/-/batch-cluster-12.1.0.tgz",
      "integrity": "sha512-whGyJU4tr7kyg2USByu0/51mML5HsLAeNz5s03kMDYZNsQsGgDJgI47RdY3r7MciCjPkTaTD5O4eOVqOfEO7pg==",
      "engines": {
        "node": ">=14"
      }
    },
    "node_modules/debug": {
      "version": "2.6.9",
      "resolved": "https://registry.npmjs.org/debug/-/debug-2.6.9.tgz",
      "integrity": "sha512-bC7ElrdJaJnPbAP+1EotYvqZsb3ecl5wi6Bfi6BJTUcNowp6cvspg0jXznRTKDjm/E7AdgFBVeAPVMNcKGsHMA==",
      "dependencies": {
        "ms": "2.0.0"
      }
    },
    "node_modules/exif": {
      "version": "0.6.0",
      "resolved": "https://registry.npmjs.org/exif/-/exif-0.6.0.tgz",
      "integrity": "sha512-gEwM4uanNMfLnDNKclZ7jPEA99E3rpy4ntoS6QW8u6murZjl1o8qRaPdMoC46Syg3d9/QaET0bYKhWlTwJCPgg==",
      "dependencies": {
        "debug": "^2.2"
      }
    },
    "node_modules/exiftool-vendored": {
      "version": "24.1.0",
      "resolved": "https://registry.npmjs.org/exiftool-vendored/-/exiftool-vendored-24.1.0.tgz",
      "integrity": "sha512-PAeSbQB7ITLrUW4MrH8Fjx+PK1qBNo5q/h0ET3FDIz4gcpPkILeO9vWMthClTfe3/v7CgarEFCUcY+fuzSX/Bg==",
      "dependencies": {
        "@photostructure/tz-lookup": "^8.0.0",
        "@types/luxon": "^3.3.7",
        "batch-cluster": "^12.1.0",
        "he": "^1.2.0",
        "luxon": "^3.4.4"
      },
      "optionalDependencies": {
        "exiftool-vendored.exe": "12.70.0",
        "exiftool-vendored.pl": "12.70.0"
      }
    },
    "node_modules/exiftool-vendored.exe": {
      "version": "12.70.0",
      "resolved": "https://registry.npmjs.org/exiftool-vendored.exe/-/exiftool-vendored.exe-12.70.0.tgz",
      "integrity": "sha512-Jp78fvWCls2q3+6P0GxEpgBEgIj2MJsrOKxfAnVzADO3BZ8jRTdYCHVMUoxbiuzIcqzLmQA2mPLjhQ35Y4MyeA==",
      "optional": true,
      "os": [
        "win32"
      ]
    },
    "node_modules/exiftool-vendored.pl": {
      "version": "12.70.0",
      "resolved": "https://registry.npmjs.org/exiftool-vendored.pl/-/exiftool-vendored.pl-12.70.0.tgz",
      "integrity": "sha512-nozVKVE7Leq2lQ+Kd6VbX+S04z0TKYGd42F1odwEl8AtWNlJViZ7rsi+OLHkJ0llWmObotviYAsj/xhF28qPSQ==",
      "optional": true,
      "os": [
        "!win32"
      ]
    },
    "node_modules/he": {
      "version": "1.2.0",
      "resolved": "https://registry.npmjs.org/he/-/he-1.2.0.tgz",
      "integrity": "sha512-F/1DnUGPopORZi0ni+CvrCgHQ5FyEAHRLSApuYWMmrbSwoN2Mn/7k+Gl38gJnR7yyDZk6WLXwiGod1JOWNDKGw==",
      "bin": {
        "he": "bin/he"
      }
    },
    "node_modules/luxon": {
      "version": "3.4.4",
      "resolved": "https://registry.npmjs.org/luxon/-/luxon-3.4.4.tgz",
      "integrity": "sha512-zobTr7akeGHnv7eBOXcRgMeCP6+uyYsczwmeRCauvpvaAltgNyTbLH/+VaEAPUeWBT+1GuNmz4wC/6jtQzbbVA==",
      "engines": {
        "node": ">=12"
      }
    },
    "node_modules/ms": {
      "version": "2.0.0",
      "resolved": "https://registry.npmjs.org/ms/-/ms-2.0.0.tgz",
      "integrity": "sha512-Tpp60P6IUJDTuOq/5Z8cdskzJujfwqfOTkrwIwj7IRISpnkJnT6SyJ4PCPnGMoFjC9ddhal5KVIYtAt97ix05A=="
    }
  }
}
